
Microsoft Visual Studio Solution File, Format Version 12.00
# Visual Studio Version 17
VisualStudioVersion = 17.9.34723.18
MinimumVisualStudioVersion = 10.0.40219.1
Project("{FAE04EC0-301F-11D3-BF4B-00C04F79EFBC}") = "W_2_L_8_10_NWW", "W_2_L_8_10_NWW\W_2_L_8_10_NWW.csproj", "{B1758FF0-8EDF-49B8-A091-8D3FA23F683D}"
EndProject
Global
	GlobalSection(SolutionConfigurationPlatforms) = preSolution
		Debug|Any CPU = Debug|Any CPU
		Release|Any CPU = Release|Any CPU
	EndGlobalSection
	GlobalSection(ProjectConfigurationPlatforms) = postSolution
		{B1758FF0-8EDF-49B8-A091-8D3FA23F683D}.Debug|Any CPU.ActiveCfg = Debug|Any CPU
		{B1758FF0-8EDF-49B8-A091-8D3FA23F683D}.Debug|Any CPU.Build.0 = Debug|Any CPU
		{B1758FF0-8EDF-49B8-A091-8D3FA23F683D}.Release|Any CPU.ActiveCfg = Release|Any CPU
		{B1758FF0-8EDF-49B8-A091-8D3FA23F683D}.Release|Any CPU.Build.0 = Release|Any CPU
	EndGlobalSection
	GlobalSection(SolutionProperties) = preSolution
		HideSolutionNode = FALSE
	EndGlobalSection
	GlobalSection(ExtensibilityGlobals) = postSolution
		SolutionGuid = {DBAD5124-A617-4F9D-8095-E82229688B71}
	EndGlobalSection
EndGlobal
